// !$*UTF8*$!
{
	archiveVersion = 1;
	classes = {
	};
	objectVersion = 60;
	objects = {

/* Begin PBXBuildFile section */
		633E965C2BCE264700748D58 /* AppDelegate.m in Sources */ = {isa = PBXBuildFile; fileRef = 633E965B2BCE264700748D58 /* AppDelegate.m */; };
		633E965F2BCE264700748D58 /* SceneDelegate.m in Sources */ = {isa = PBXBuildFile; fileRef = 633E965E2BCE264700748D58 /* SceneDelegate.m */; };
		633E96622BCE264700748D58 /* ViewController.m in Sources */ = {isa = PBXBuildFile; fileRef = 633E96612BCE264700748D58 /* ViewController.m */; };
		633E96652BCE264700748D58 /* Base in Resources */ = {isa = PBXBuildFile; fileRef = 633E96642BCE264700748D58 /* Base */; };
		633E96672BCE264700748D58 /* Assets.xcassets in Resources */ = {isa = PBXBuildFile; fileRef = 633E96662BCE264700748D58 /* Assets.xcassets */; };
		633E966A2BCE264700748D58 /* Base in Resources */ = {isa = PBXBuildFile; fileRef = 633E96692BCE264700748D58 /* Base */; };
		633E966D2BCE264700748D58 /* main.m in Sources */ = {isa = PBXBuildFile; fileRef = 633E966C2BCE264700748D58 /* main.m */; };
		63600A382BD9F47700774667 /* TimerViewController.m in Sources */ = {isa = PBXBuildFile; fileRef = 63600A362BD9F47700774667 /* TimerViewController.m */; };
		63600A392BD9F47700774667 /* TimerViewController.xib in Resources */ = {isa = PBXBuildFile; fileRef = 63600A372BD9F47700774667 /* TimerViewController.xib */; };
		63AFD9EB2C0DE72F005492C3 /* UIImage+Cate.m in Sources */ = {isa = PBXBuildFile; fileRef = 63AFD9EA2C0DE72F005492C3 /* UIImage+Cate.m */; };
		63EC218B2BDB8A78003BAFB2 /* KooTfPopTaskCenter.m in Sources */ = {isa = PBXBuildFile; fileRef = 63EC218A2BDB8A78003BAFB2 /* KooTfPopTaskCenter.m */; };
		D0C1A36794AA71F89698B487 /* Pods_Test1.framework in Frameworks */ = {isa = PBXBuildFile; fileRef = 80462F361E416005900E5F64 /* Pods_Test1.framework */; };
/* End PBXBuildFile section */

/* Begin PBXFileReference section */
		3A7BF81F8074C1D9C5FE2D0B /* Pods-Test1.release.xcconfig */ = {isa = PBXFileReference; includeInIndex = 1; lastKnownFileType = text.xcconfig; name = "Pods-Test1.release.xcconfig"; path = "Target Support Files/Pods-Test1/Pods-Test1.release.xcconfig"; sourceTree = "<group>"; };
		633E96572BCE264700748D58 /* Test1.app */ = {isa = PBXFileReference; explicitFileType = wrapper.application; includeInIndex = 0; path = Test1.app; sourceTree = BUILT_PRODUCTS_DIR; };
		633E965A2BCE264700748D58 /* AppDelegate.h */ = {isa = PBXFileReference; lastKnownFileType = sourcecode.c.h; path = AppDelegate.h; sourceTree = "<group>"; };
		633E965B2BCE264700748D58 /* AppDelegate.m */ = {isa = PBXFileReference; lastKnownFileType = sourcecode.c.objc; path = AppDelegate.m; sourceTree = "<group>"; };
		633E965D2BCE264700748D58 /* SceneDelegate.h */ = {isa = PBXFileReference; lastKnownFileType = sourcecode.c.h; path = SceneDelegate.h; sourceTree = "<group>"; };
		633E965E2BCE264700748D58 /* SceneDelegate.m */ = {isa = PBXFileReference; lastKnownFileType = sourcecode.c.objc; path = SceneDelegate.m; sourceTree = "<group>"; };
		633E96602BCE264700748D58 /* ViewController.h */ = {isa = PBXFileReference; lastKnownFileType = sourcecode.c.h; path = ViewController.h; sourceTree = "<group>"; };
		633E96612BCE264700748D58 /* ViewController.m */ = {isa = PBXFileReference; lastKnownFileType = sourcecode.c.objc; path = ViewController.m; sourceTree = "<group>"; };
		633E96642BCE264700748D58 /* Base */ = {isa = PBXFileReference; lastKnownFileType = file.storyboard; name = Base; path = Base.lproj/Main.storyboard; sourceTree = "<group>"; };
		633E96662BCE264700748D58 /* Assets.xcassets */ = {isa = PBXFileReference; lastKnownFileType = folder.assetcatalog; path = Assets.xcassets; sourceTree = "<group>"; };
		633E96692BCE264700748D58 /* Base */ = {isa = PBXFileReference; lastKnownFileType = file.storyboard; name = Base; path = Base.lproj/LaunchScreen.storyboard; sourceTree = "<group>"; };
		633E966B2BCE264700748D58 /* Info.plist */ = {isa = PBXFileReference; lastKnownFileType = text.plist.xml; path = Info.plist; sourceTree = "<group>"; };
		633E966C2BCE264700748D58 /* main.m */ = {isa = PBXFileReference; lastKnownFileType = sourcecode.c.objc; path = main.m; sourceTree = "<group>"; };
		63600A352BD9F47700774667 /* TimerViewController.h */ = {isa = PBXFileReference; lastKnownFileType = sourcecode.c.h; path = TimerViewController.h; sourceTree = "<group>"; };
		63600A362BD9F47700774667 /* TimerViewController.m */ = {isa = PBXFileReference; lastKnownFileType = sourcecode.c.objc; path = TimerViewController.m; sourceTree = "<group>"; };
		63600A372BD9F47700774667 /* TimerViewController.xib */ = {isa = PBXFileReference; lastKnownFileType = file.xib; path = TimerViewController.xib; sourceTree = "<group>"; };
		63AFD9E92C0DE72F005492C3 /* UIImage+Cate.h */ = {isa = PBXFileReference; lastKnownFileType = sourcecode.c.h; path = "UIImage+Cate.h"; sourceTree = "<group>"; };
		63AFD9EA2C0DE72F005492C3 /* UIImage+Cate.m */ = {isa = PBXFileReference; lastKnownFileType = sourcecode.c.objc; path = "UIImage+Cate.m"; sourceTree = "<group>"; };
		63EC21892BDB8A78003BAFB2 /* KooTfPopTaskCenter.h */ = {isa = PBXFileReference; lastKnownFileType = sourcecode.c.h; path = KooTfPopTaskCenter.h; sourceTree = "<group>"; };
		63EC218A2BDB8A78003BAFB2 /* KooTfPopTaskCenter.m */ = {isa = PBXFileReference; lastKnownFileType = sourcecode.c.objc; path = KooTfPopTaskCenter.m; sourceTree = "<group>"; };
		80462F361E416005900E5F64 /* Pods_Test1.framework */ = {isa = PBXFileReference; explicitFileType = wrapper.framework; includeInIndex = 0; path = Pods_Test1.framework; sourceTree = BUILT_PRODUCTS_DIR; };
		EA66C39A64A2520F2DD164B6 /* Pods-Test1.debug.xcconfig */ = {isa = PBXFileReference; includeInIndex = 1; lastKnownFileType = text.xcconfig; name = "Pods-Test1.debug.xcconfig"; path = "Target Support Files/Pods-Test1/Pods-Test1.debug.xcconfig"; sourceTree = "<group>"; };
/* End PBXFileReference section */

/* Begin PBXFrameworksBuildPhase section */
		633E96542BCE264700748D58 /* Frameworks */ = {
			isa = PBXFrameworksBuildPhase;
			buildActionMask = 2147483647;
			files = (
				D0C1A36794AA71F89698B487 /* Pods_Test1.framework in Frameworks */,
			);
			runOnlyForDeploymentPostprocessing = 0;
		};
/* End PBXFrameworksBuildPhase section */

/* Begin PBXGroup section */
		4EFC7EF42ED57E74132ED289 /* Frameworks */ = {
			isa = PBXGroup;
			children = (
				80462F361E416005900E5F64 /* Pods_Test1.framework */,
			);
			name = Frameworks;
			sourceTree = "<group>";
		};
		633E964E2BCE264700748D58 = {
			isa = PBXGroup;
			children = (
				63AFD9E92C0DE72F005492C3 /* UIImage+Cate.h */,
				63AFD9EA2C0DE72F005492C3 /* UIImage+Cate.m */,
				633E96592BCE264700748D58 /* Test1 */,
				633E96582BCE264700748D58 /* Products */,
				9B81DB35AC9372FED91CC586 /* Pods */,
				4EFC7EF42ED57E74132ED289 /* Frameworks */,
			);
			sourceTree = "<group>";
		};
		633E96582BCE264700748D58 /* Products */ = {
			isa = PBXGroup;
			children = (
				633E96572BCE264700748D58 /* Test1.app */,
			);
			name = Products;
			sourceTree = "<group>";
		};
		633E96592BCE264700748D58 /* Test1 */ = {
			isa = PBXGroup;
			children = (
				633E965A2BCE264700748D58 /* AppDelegate.h */,
				633E965B2BCE264700748D58 /* AppDelegate.m */,
				633E965D2BCE264700748D58 /* SceneDelegate.h */,
				633E965E2BCE264700748D58 /* SceneDelegate.m */,
				633E96602BCE264700748D58 /* ViewController.h */,
				633E96612BCE264700748D58 /* ViewController.m */,
				63EC21882BDB8A23003BAFB2 /* KooTfPopTaskCenter */,
				63600A352BD9F47700774667 /* TimerViewController.h */,
				63600A362BD9F47700774667 /* TimerViewController.m */,
				63600A372BD9F47700774667 /* TimerViewController.xib */,
				633E96632BCE264700748D58 /* Main.storyboard */,
				633E96662BCE264700748D58 /* Assets.xcassets */,
				633E96682BCE264700748D58 /* LaunchScreen.storyboard */,
				633E966B2BCE264700748D58 /* Info.plist */,
				633E966C2BCE264700748D58 /* main.m */,
			);
			path = Test1;
			sourceTree = "<group>";
		};
		63EC21882BDB8A23003BAFB2 /* KooTfPopTaskCenter */ = {
			isa = PBXGroup;
			children = (
				63EC21892BDB8A78003BAFB2 /* KooTfPopTaskCenter.h */,
				63EC218A2BDB8A78003BAFB2 /* KooTfPopTaskCenter.m */,
			);
			path = KooTfPopTaskCenter;
			sourceTree = "<group>";
		};
		9B81DB35AC9372FED91CC586 /* Pods */ = {
			isa = PBXGroup;
			children = (
				EA66C39A64A2520F2DD164B6 /* Pods-Test1.debug.xcconfig */,
				3A7BF81F8074C1D9C5FE2D0B /* Pods-Test1.release.xcconfig */,
			);
			path = Pods;
			sourceTree = "<group>";
		};
/* End PBXGroup section */

/* Begin PBXNativeTarget section */
		633E96562BCE264700748D58 /* Test1 */ = {
			isa = PBXNativeTarget;
			buildConfigurationList = 633E96702BCE264700748D58 /* Build configuration list for PBXNativeTarget "Test1" */;
			buildPhases = (
				9B0EC09858EA8BA58D11AE48 /* [CP] Check Pods Manifest.lock */,
				BE0FAA5724891F851D90C216 /* [CP-User] Run Flutter Build my_flutter Script */,
				633E96532BCE264700748D58 /* Sources */,
				633E96542BCE264700748D58 /* Frameworks */,
				633E96552BCE264700748D58 /* Resources */,
				5E7BAE13908672E430254416 /* [CP] Embed Pods Frameworks */,
				8AB70AEB361CDC897AA88777 /* [CP-User] Embed Flutter Build my_flutter Script */,
			);
			buildRules = (
			);
			dependencies = (
			);
			name = Test1;
			productName = Test1;
			productReference = 633E96572BCE264700748D58 /* Test1.app */;
			productType = "com.apple.product-type.application";
		};
/* End PBXNativeTarget section */

/* Begin PBXProject section */
		633E964F2BCE264700748D58 /* Project object */ = {
			isa = PBXProject;
			attributes = {
				BuildIndependentTargetsInParallel = 1;
				LastUpgradeCheck = 1530;
				TargetAttributes = {
					633E96562BCE264700748D58 = {
						CreatedOnToolsVersion = 15.3;
					};
				};
			};
			buildConfigurationList = 633E96522BCE264700748D58 /* Build configuration list for PBXProject "Test1" */;
			compatibilityVersion = "Xcode 15.0";
			developmentRegion = en;
			hasScannedForEncodings = 0;
			knownRegions = (
				en,
				Base,
			);
			mainGroup = 633E964E2BCE264700748D58;
			productRefGroup = 633E96582BCE264700748D58 /* Products */;
			projectDirPath = "";
			projectRoot = "";
			targets = (
				633E96562BCE264700748D58 /* Test1 */,
			);
		};
/* End PBXProject section */

/* Begin PBXResourcesBuildPhase section */
		633E96552BCE264700748D58 /* Resources */ = {
			isa = PBXResourcesBuildPhase;
			buildActionMask = 2147483647;
			files = (
				63600A392BD9F47700774667 /* TimerViewController.xib in Resources */,
				633E96672BCE264700748D58 /* Assets.xcassets in Resources */,
				633E966A2BCE264700748D58 /* Base in Resources */,
				633E96652BCE264700748D58 /* Base in Resources */,
			);
			runOnlyForDeploymentPostprocessing = 0;
		};
/* End PBXResourcesBuildPhase section */

/* Begin PBXShellScriptBuildPhase section */
		5E7BAE13908672E430254416 /* [CP] Embed Pods Frameworks */ = {
			isa = PBXShellScriptBuildPhase;
			buildActionMask = 2147483647;
			files = (
			);
			inputFileListPaths = (
				"${PODS_ROOT}/Target Support Files/Pods-Test1/Pods-Test1-frameworks-${CONFIGURATION}-input-files.xcfilelist",
			);
			name = "[CP] Embed Pods Frameworks";
			outputFileListPaths = (
				"${PODS_ROOT}/Target Support Files/Pods-Test1/Pods-Test1-frameworks-${CONFIGURATION}-output-files.xcfilelist",
			);
			runOnlyForDeploymentPostprocessing = 0;
			shellPath = /bin/sh;
			shellScript = "\"${PODS_ROOT}/Target Support Files/Pods-Test1/Pods-Test1-frameworks.sh\"\n";
			showEnvVarsInLog = 0;
		};
		8AB70AEB361CDC897AA88777 /* [CP-User] Embed Flutter Build my_flutter Script */ = {
			isa = PBXShellScriptBuildPhase;
			buildActionMask = 2147483647;
			files = (
			);
			name = "[CP-User] Embed Flutter Build my_flutter Script";
			runOnlyForDeploymentPostprocessing = 0;
			shellPath = /bin/sh;
			shellScript = "set -e\nset -u\nsource \"${SRCROOT}/../my_flutter/.ios/Flutter/flutter_export_environment.sh\"\nexport VERBOSE_SCRIPT_LOGGING=1 && \"$FLUTTER_ROOT\"/packages/flutter_tools/bin/xcode_backend.sh embed_and_thin";
		};
		9B0EC09858EA8BA58D11AE48 /* [CP] Check Pods Manifest.lock */ = {
			isa = PBXShellScriptBuildPhase;
			buildActionMask = 2147483647;
			files = (
			);
			inputFileListPaths = (
			);
			inputPaths = (
				"${PODS_PODFILE_DIR_PATH}/Podfile.lock",
				"${PODS_ROOT}/Manifest.lock",
			);
			name = "[CP] Check Pods Manifest.lock";
			outputFileListPaths = (
			);
			outputPaths = (
				"$(DERIVED_FILE_DIR)/Pods-Test1-checkManifestLockResult.txt",
			);
			runOnlyForDeploymentPostprocessing = 0;
			shellPath = /bin/sh;
			shellScript = "diff \"${PODS_PODFILE_DIR_PATH}/Podfile.lock\" \"${PODS_ROOT}/Manifest.lock\" > /dev/null\nif [ $? != 0 ] ; then\n    # print error to STDERR\n    echo \"error: The sandbox is not in sync with the Podfile.lock. Run 'pod install' or update your CocoaPods installation.\" >&2\n    exit 1\nfi\n# This output is used by Xcode 'outputs' to avoid re-running this script phase.\necho \"SUCCESS\" > \"${SCRIPT_OUTPUT_FILE_0}\"\n";
			showEnvVarsInLog = 0;
		};
		BE0FAA5724891F851D90C216 /* [CP-User] Run Flutter Build my_flutter Script */ = {
			isa = PBXShellScriptBuildPhase;
			buildActionMask = 2147483647;
			files = (
			);
			name = "[CP-User] Run Flutter Build my_flutter Script";
			runOnlyForDeploymentPostprocessing = 0;
			shellPath = /bin/sh;
			shellScript = "set -e\nset -u\nsource \"${SRCROOT}/../my_flutter/.ios/Flutter/flutter_export_environment.sh\"\nexport VERBOSE_SCRIPT_LOGGING=1 && \"$FLUTTER_ROOT\"/packages/flutter_tools/bin/xcode_backend.sh build";
		};
/* End PBXShellScriptBuildPhase section */

/* Begin PBXSourcesBuildPhase section */
		633E96532BCE264700748D58 /* Sources */ = {
			isa = PBXSourcesBuildPhase;
			buildActionMask = 2147483647;
			files = (
				633E96622BCE264700748D58 /* ViewController.m in Sources */,
				63AFD9EB2C0DE72F005492C3 /* UIImage+Cate.m in Sources */,
				633E965C2BCE264700748D58 /* AppDelegate.m in Sources */,
				63600A382BD9F47700774667 /* TimerViewController.m in Sources */,
				63EC218B2BDB8A78003BAFB2 /* KooTfPopTaskCenter.m in Sources */,
				633E966D2BCE264700748D58 /* main.m in Sources */,
				633E965F2BCE264700748D58 /* SceneDelegate.m in Sources */,
			);
			runOnlyForDeploymentPostprocessing = 0;
		};
/* End PBXSourcesBuildPhase section */

/* Begin PBXVariantGroup section */
		633E96632BCE264700748D58 /* Main.storyboard */ = {
			isa = PBXVariantGroup;
			children = (
				633E96642BCE264700748D58 /* Base */,
			);
			name = Main.storyboard;
			sourceTree = "<group>";
		};
		633E96682BCE264700748D58 /* LaunchScreen.storyboard */ = {
			isa = PBXVariantGroup;
			children = (
				633E96692BCE264700748D58 /* Base */,
			);
			name = LaunchScreen.storyboard;
			sourceTree = "<group>";
		};
/* End PBXVariantGroup section */

/* Begin XCBuildConfiguration section */
		633E966E2BCE264700748D58 /* Debug */ = {
			isa = XCBuildConfiguration;
			buildSettings = {
				ALWAYS_SEARCH_USER_PATHS = NO;
				ASSETCATALOG_COMPILER_GENERATE_SWIFT_ASSET_SYMBOL_EXTENSIONS = YES;
				CLANG_ANALYZER_NONNULL = YES;
				CLANG_ANALYZER_NUMBER_OBJECT_CONVERSION = YES_AGGRESSIVE;
				CLANG_CXX_LANGUAGE_STANDARD = "gnu++20";
				CLANG_ENABLE_MODULES = YES;
				CLANG_ENABLE_OBJC_ARC = YES;
				CLANG_ENABLE_OBJC_WEAK = YES;
				CLANG_WARN_BLOCK_CAPTURE_AUTORELEASING = YES;
				CLANG_WARN_BOOL_CONVERSION = YES;
				CLANG_WARN_COMMA = YES;
				CLANG_WARN_CONSTANT_CONVERSION = YES;
				CLANG_WARN_DEPRECATED_OBJC_IMPLEMENTATIONS = YES;
				CLANG_WARN_DIRECT_OBJC_ISA_USAGE = YES_ERROR;
				CLANG_WARN_DOCUMENTATION_COMMENTS = YES;
				CLANG_WARN_EMPTY_BODY = YES;
				CLANG_WARN_ENUM_CONVERSION = YES;
				CLANG_WARN_INFINITE_RECURSION = YES;
				CLANG_WARN_INT_CONVERSION = YES;
				CLANG_WARN_NON_LITERAL_NULL_CONVERSION = YES;
				CLANG_WARN_OBJC_IMPLICIT_RETAIN_SELF = YES;
				CLANG_WARN_OBJC_LITERAL_CONVERSION = YES;
				CLANG_WARN_OBJC_ROOT_CLASS = YES_ERROR;
				CLANG_WARN_QUOTED_INCLUDE_IN_FRAMEWORK_HEADER = YES;
				CLANG_WARN_RANGE_LOOP_ANALYSIS = YES;
				CLANG_WARN_STRICT_PROTOTYPES = YES;
				CLANG_WARN_SUSPICIOUS_MOVE = YES;
				CLANG_WARN_UNGUARDED_AVAILABILITY = YES_AGGRESSIVE;
				CLANG_WARN_UNREACHABLE_CODE = YES;
				CLANG_WARN__DUPLICATE_METHOD_MATCH = YES;
				COPY_PHASE_STRIP = NO;
				DEBUG_INFORMATION_FORMAT = dwarf;
				ENABLE_STRICT_OBJC_MSGSEND = YES;
				ENABLE_TESTABILITY = YES;
				ENABLE_USER_SCRIPT_SANDBOXING = YES;
				GCC_C_LANGUAGE_STANDARD = gnu17;
				GCC_DYNAMIC_NO_PIC = NO;
				GCC_NO_COMMON_BLOCKS = YES;
				GCC_OPTIMIZATION_LEVEL = 0;
				GCC_PREPROCESSOR_DEFINITIONS = (
					"DEBUG=1",
					"$(inherited)",
				);
				GCC_WARN_64_TO_32_BIT_CONVERSION = YES;
				GCC_WARN_ABOUT_RETURN_TYPE = YES_ERROR;
				GCC_WARN_UNDECLARED_SELECTOR = YES;
				GCC_WARN_UNINITIALIZED_AUTOS = YES_AGGRESSIVE;
				GCC_WARN_UNUSED_FUNCTION = YES;
				GCC_WARN_UNUSED_VARIABLE = YES;
				IPHONEOS_DEPLOYMENT_TARGET = 17.4;
				LOCALIZATION_PREFERS_STRING_CATALOGS = YES;
				MTL_ENABLE_DEBUG_INFO = INCLUDE_SOURCE;
				MTL_FAST_MATH = YES;
				ONLY_ACTIVE_ARCH = YES;
				SDKROOT = iphoneos;
			};
			name = Debug;
		};
		633E966F2BCE264700748D58 /* Release */ = {
			isa = XCBuildConfiguration;
			buildSettings = {
				ALWAYS_SEARCH_USER_PATHS = NO;
				ASSETCATALOG_COMPILER_GENERATE_SWIFT_ASSET_SYMBOL_EXTENSIONS = YES;
				CLANG_ANALYZER_NONNULL = YES;
				CLANG_ANALYZER_NUMBER_OBJECT_CONVERSION = YES_AGGRESSIVE;
				CLANG_CXX_LANGUAGE_STANDARD = "gnu++20";
				CLANG_ENABLE_MODULES = YES;
				CLANG_ENABLE_OBJC_ARC = YES;
				CLANG_ENABLE_OBJC_WEAK = YES;
				CLANG_WARN_BLOCK_CAPTURE_AUTORELEASING = YES;
				CLANG_WARN_BOOL_CONVERSION = YES;
				CLANG_WARN_COMMA = YES;
				CLANG_WARN_CONSTANT_CONVERSION = YES;
				CLANG_WARN_DEPRECATED_OBJC_IMPLEMENTATIONS = YES;
				CLANG_WARN_DIRECT_OBJC_ISA_USAGE = YES_ERROR;
				CLANG_WARN_DOCUMENTATION_COMMENTS = YES;
				CLANG_WARN_EMPTY_BODY = YES;
				CLANG_WARN_ENUM_CONVERSION = YES;
				CLANG_WARN_INFINITE_RECURSION = YES;
				CLANG_WARN_INT_CONVERSION = YES;
				CLANG_WARN_NON_LITERAL_NULL_CONVERSION = YES;
				CLANG_WARN_OBJC_IMPLICIT_RETAIN_SELF = YES;
				CLANG_WARN_OBJC_LITERAL_CONVERSION = YES;
				CLANG_WARN_OBJC_ROOT_CLASS = YES_ERROR;
				CLANG_WARN_QUOTED_INCLUDE_IN_FRAMEWORK_HEADER = YES;
				CLANG_WARN_RANGE_LOOP_ANALYSIS = YES;
				CLANG_WARN_STRICT_PROTOTYPES = YES;
				CLANG_WARN_SUSPICIOUS_MOVE = YES;
				CLANG_WARN_UNGUARDED_AVAILABILITY = YES_AGGRESSIVE;
				CLANG_WARN_UNREACHABLE_CODE = YES;
				CLANG_WARN__DUPLICATE_METHOD_MATCH = YES;
				COPY_PHASE_STRIP = NO;
				DEBUG_INFORMATION_FORMAT = "dwarf-with-dsym";
				ENABLE_NS_ASSERTIONS = NO;
				ENABLE_STRICT_OBJC_MSGSEND = YES;
				ENABLE_USER_SCRIPT_SANDBOXING = YES;
				GCC_C_LANGUAGE_STANDARD = gnu17;
				GCC_NO_COMMON_BLOCKS = YES;
				GCC_WARN_64_TO_32_BIT_CONVERSION = YES;
				GCC_WARN_ABOUT_RETURN_TYPE = YES_ERROR;
				GCC_WARN_UNDECLARED_SELECTOR = YES;
				GCC_WARN_UNINITIALIZED_AUTOS = YES_AGGRESSIVE;
				GCC_WARN_UNUSED_FUNCTION = YES;
				GCC_WARN_UNUSED_VARIABLE = YES;
				IPHONEOS_DEPLOYMENT_TARGET = 17.4;
				LOCALIZATION_PREFERS_STRING_CATALOGS = YES;
				MTL_ENABLE_DEBUG_INFO = NO;
				MTL_FAST_MATH = YES;
				SDKROOT = iphoneos;
				VALIDATE_PRODUCT = YES;
			};
			name = Release;
		};
		633E96712BCE264700748D58 /* Debug */ = {
			isa = XCBuildConfiguration;
			baseConfigurationReference = EA66C39A64A2520F2DD164B6 /* Pods-Test1.debug.xcconfig */;
			buildSettings = {
				ASSETCATALOG_COMPILER_APPICON_NAME = AppIcon;
				ASSETCATALOG_COMPILER_GLOBAL_ACCENT_COLOR_NAME = AccentColor;
				CODE_SIGN_STYLE = Automatic;
				CURRENT_PROJECT_VERSION = 1;
				DEVELOPMENT_TEAM = 66X9PJVZ92;
				ENABLE_USER_SCRIPT_SANDBOXING = NO;
				GENERATE_INFOPLIST_FILE = YES;
				INFOPLIST_FILE = Test1/Info.plist;
				INFOPLIST_KEY_UIApplicationSupportsIndirectInputEvents = YES;
				INFOPLIST_KEY_UILaunchStoryboardName = LaunchScreen;
				INFOPLIST_KEY_UIMainStoryboardFile = Main;
				INFOPLIST_KEY_UISupportedInterfaceOrientations_iPad = "UIInterfaceOrientationPortrait UIInterfaceOrientationPortraitUpsideDown UIInterfaceOrientationLandscapeLeft UIInterfaceOrientationLandscapeRight";
				INFOPLIST_KEY_UISupportedInterfaceOrientations_iPhone = "UIInterfaceOrientationPortrait UIInterfaceOrientationLandscapeLeft UIInterfaceOrientationLandscapeRight";
				IPHONEOS_DEPLOYMENT_TARGET = 15.5;
				LD_RUNPATH_SEARCH_PATHS = (
					"$(inherited)",
					"@executable_path/Frameworks",
				);
				MARKETING_VERSION = 1.0;
				PRODUCT_BUNDLE_IDENTIFIER = com.cute.test11;
				PRODUCT_NAME = "$(TARGET_NAME)";
				SWIFT_EMIT_LOC_STRINGS = YES;
				TARGETED_DEVICE_FAMILY = "1,2";
			};
			name = Debug;
		};
		633E96722BCE264700748D58 /* Release */ = {
			isa = XCBuildConfiguration;
			baseConfigurationReference = 3A7BF81F8074C1D9C5FE2D0B /* Pods-Test1.release.xcconfig */;
			buildSettings = {
				ASSETCATALOG_COMPILER_APPICON_NAME = AppIcon;
				ASSETCATALOG_COMPILER_GLOBAL_ACCENT_COLOR_NAME = AccentColor;
				CODE_SIGN_STYLE = Automatic;
				CURRENT_PROJECT_VERSION = 1;
				DEVELOPMENT_TEAM = 796PD882V2;
				ENABLE_USER_SCRIPT_SANDBOXING = NO;
				GENERATE_INFOPLIST_FILE = YES;
				INFOPLIST_FILE = Test1/Info.plist;
				INFOPLIST_KEY_UIApplicationSupportsIndirectInputEvents = YES;
				INFOPLIST_KEY_UILaunchStoryboardName = LaunchScreen;
				INFOPLIST_KEY_UIMainStoryboardFile = Main;
				INFOPLIST_KEY_UISupportedInterfaceOrientations_iPad = "UIInterfaceOrientationPortrait UIInterfaceOrientationPortraitUpsideDown UIInterfaceOrientationLandscapeLeft UIInterfaceOrientationLandscapeRight";
				INFOPLIST_KEY_UISupportedInterfaceOrientations_iPhone = "UIInterfaceOrientationPortrait UIInterfaceOrientationLandscapeLeft UIInterfaceOrientationLandscapeRight";
				IPHONEOS_DEPLOYMENT_TARGET = 15.5;
				LD_RUNPATH_SEARCH_PATHS = (
					"$(inherited)",
					"@executable_path/Frameworks",
				);
				MARKETING_VERSION = 1.0;
				PRODUCT_BUNDLE_IDENTIFIER = com.cute.test1.Test1;
				PRODUCT_NAME = "$(TARGET_NAME)";
				SWIFT_EMIT_LOC_STRINGS = YES;
				TARGETED_DEVICE_FAMILY = "1,2";
			};
			name = Release;
		};
/* End XCBuildConfiguration section */

/* Begin XCConfigurationList section */
		633E96522BCE264700748D58 /* Build configuration list for PBXProject "Test1" */ = {
			isa = XCConfigurationList;
			buildConfigurations = (
				633E966E2BCE264700748D58 /* Debug */,
				633E966F2BCE264700748D58 /* Release */,
			);
			defaultConfigurationIsVisible = 0;
			defaultConfigurationName = Release;
		};
		633E96702BCE264700748D58 /* Build configuration list for PBXNativeTarget "Test1" */ = {
			isa = XCConfigurationList;
			buildConfigurations = (
				633E96712BCE264700748D58 /* Debug */,
				633E96722BCE264700748D58 /* Release */,
			);
			defaultConfigurationIsVisible = 0;
			defaultConfigurationName = Release;
		};
/* End XCConfigurationList section */
	};
	rootObject = 633E964F2BCE264700748D58 /* Project object */;
}
